
Microsoft Visual Studio Solution File, Format Version 12.00
# Visual Studio Version 16
VisualStudioVersion = 16.0.30907.101
MinimumVisualStudioVersion = 10.0.40219.1
Project("{8BC9CEB8-8B4A-11D0-8D11-00A0C91BC942}") = "julius-native", "julius-native\julius-native.vcxproj", "{8CEE8291-5A9F-4258-8DAF-3E040F05F519}"
EndProject
Global
	GlobalSection(SolutionConfigurationPlatforms) = preSolution
		Debug|x64 = Debug|x64
		Debug|x86 = Debug|x86
		Release|x64 = Release|x64
		Release|x86 = Release|x86
	EndGlobalSection
	GlobalSection(ProjectConfigurationPlatforms) = postSolution
		{8CEE8291-5A9F-4258-8DAF-3E040F05F519}.Debug|x64.ActiveCfg = Debug|x64
		{8CEE8291-5A9F-4258-8DAF-3E040F05F519}.Debug|x64.Build.0 = Debug|x64
		{8CEE8291-5A9F-4258-8DAF-3E040F05F519}.Debug|x86.ActiveCfg = Debug|Win32
		{8CEE8291-5A9F-4258-8DAF-3E040F05F519}.Debug|x86.Build.0 = Debug|Win32
		{8CEE8291-5A9F-4258-8DAF-3E040F05F519}.Release|x64.ActiveCfg = Release|x64
		{8CEE8291-5A9F-4258-8DAF-3E040F05F519}.Release|x64.Build.0 = Release|x64
		{8CEE8291-5A9F-4258-8DAF-3E040F05F519}.Release|x86.ActiveCfg = Release|Win32
		{8CEE8291-5A9F-4258-8DAF-3E040F05F519}.Release|x86.Build.0 = Release|Win32
	EndGlobalSection
	GlobalSection(SolutionProperties) = preSolution
		HideSolutionNode = FALSE
	EndGlobalSection
	GlobalSection(ExtensibilityGlobals) = postSolution
		SolutionGuid = {0695CF45-E381-4568-8E5E-9A36B584A323}
	EndGlobalSection
EndGlobal
